// !$*UTF8*$!
{
	archiveVersion = 1;
	classes = {
	};
	objectVersion = 46;
	objects = {

/* Begin PBXBuildFile section */
		D000548C1D08483200E50F16 /* basicApp.cpp in Sources */ = {isa = PBXBuildFile; fileRef = D00054871D08483200E50F16 /* basicApp.cpp */; };
/* End PBXBuildFile section */

/* Begin PBXCopyFilesBuildPhase section */
		D000547A1D08480D00E50F16 /* CopyFiles */ = {
			isa = PBXCopyFilesBuildPhase;
			buildActionMask = 2147483647;
			dstPath = /usr/share/man/man1/;
			dstSubfolderSpec = 0;
			files = (
			);
			runOnlyForDeploymentPostprocessing = 1;
		};
/* End PBXCopyFilesBuildPhase section */

/* Begin PBXFileReference section */
		D000547C1D08480D00E50F16 /* NeuralNet_MNIST */ = {isa = PBXFileReference; explicitFileType = "compiled.mach-o.executable"; includeInIndex = 0; path = NeuralNet_MNIST; sourceTree = BUILT_PRODUCTS_DIR; };
		D00054871D08483200E50F16 /* basicApp.cpp */ = {isa = PBXFileReference; fileEncoding = 4; lastKnownFileType = sourcecode.cpp.cpp; path = basicApp.cpp; sourceTree = "<group>"; };
		D00054881D08483200E50F16 /* MNIST.h */ = {isa = PBXFileReference; fileEncoding = 4; lastKnownFileType = sourcecode.c.h; path = MNIST.h; sourceTree = "<group>"; };
		D00054891D08483200E50F16 /* NeuralNet.h */ = {isa = PBXFileReference; fileEncoding = 4; lastKnownFileType = sourcecode.c.h; path = NeuralNet.h; sourceTree = "<group>"; };
		D000548A1D08483200E50F16 /* Neuron.h */ = {isa = PBXFileReference; fileEncoding = 4; lastKnownFileType = sourcecode.c.h; path = Neuron.h; sourceTree = "<group>"; };
		D000548B1D08483200E50F16 /* Settings.h */ = {isa = PBXFileReference; fileEncoding = 4; lastKnownFileType = sourcecode.c.h; path = Settings.h; sourceTree = "<group>"; };
		D000548D1D0849BF00E50F16 /* README.md */ = {isa = PBXFileReference; fileEncoding = 4; lastKnownFileType = net.daringfireball.markdown; name = README.md; path = ../README.md; sourceTree = "<group>"; };
		D007158E1D0FE77E0074F616 /* t10k-images.idx3-ubyte */ = {isa = PBXFileReference; lastKnownFileType = file; path = "t10k-images.idx3-ubyte"; sourceTree = "<group>"; };
		D007158F1D0FE77E0074F616 /* t10k-labels.idx1-ubyte */ = {isa = PBXFileReference; lastKnownFileType = file; path = "t10k-labels.idx1-ubyte"; sourceTree = "<group>"; };
		D00715901D0FE77E0074F616 /* train-images.idx3-ubyte */ = {isa = PBXFileReference; lastKnownFileType = file; path = "train-images.idx3-ubyte"; sourceTree = "<group>"; };
		D00715911D0FE77E0074F616 /* train-labels.idx1-ubyte */ = {isa = PBXFileReference; lastKnownFileType = file; path = "train-labels.idx1-ubyte"; sourceTree = "<group>"; };
/* End PBXFileReference section */

/* Begin PBXFrameworksBuildPhase section */
		D00054791D08480D00E50F16 /* Frameworks */ = {
			isa = PBXFrameworksBuildPhase;
			buildActionMask = 2147483647;
			files = (
			);
			runOnlyForDeploymentPostprocessing = 0;
		};
/* End PBXFrameworksBuildPhase section */

/* Begin PBXGroup section */
		D00054731D08480D00E50F16 = {
			isa = PBXGroup;
			children = (
				D000548D1D0849BF00E50F16 /* README.md */,
				D00054861D08483200E50F16 /* src */,
				D007158D1D0FE77E0074F616 /* MNIST_DATA */,
				D000547D1D08480D00E50F16 /* Products */,
			);
			sourceTree = "<group>";
		};
		D000547D1D08480D00E50F16 /* Products */ = {
			isa = PBXGroup;
			children = (
				D000547C1D08480D00E50F16 /* NeuralNet_MNIST */,
			);
			name = Products;
			sourceTree = "<group>";
		};
		D00054861D08483200E50F16 /* src */ = {
			isa = PBXGroup;
			children = (
				D00054871D08483200E50F16 /* basicApp.cpp */,
				D000548B1D08483200E50F16 /* Settings.h */,
				D000548A1D08483200E50F16 /* Neuron.h */,
				D00054891D08483200E50F16 /* NeuralNet.h */,
				D00054881D08483200E50F16 /* MNIST.h */,
			);
			name = src;
			path = ../src;
			sourceTree = "<group>";
		};
		D007158D1D0FE77E0074F616 /* MNIST_DATA */ = {
			isa = PBXGroup;
			children = (
				D007158E1D0FE77E0074F616 /* t10k-images.idx3-ubyte */,
				D007158F1D0FE77E0074F616 /* t10k-labels.idx1-ubyte */,
				D00715901D0FE77E0074F616 /* train-images.idx3-ubyte */,
				D00715911D0FE77E0074F616 /* train-labels.idx1-ubyte */,
			);
			name = MNIST_DATA;
			path = ../MNIST_DATA;
			sourceTree = "<group>";
		};
/* End PBXGroup section */

/* Begin PBXNativeTarget section */
		D000547B1D08480D00E50F16 /* NeuralNet_MNIST */ = {
			isa = PBXNativeTarget;
			buildConfigurationList = D00054831D08480D00E50F16 /* Build configuration list for PBXNativeTarget "NeuralNet_MNIST" */;
			buildPhases = (
				D00054781D08480D00E50F16 /* Sources */,
				D00054791D08480D00E50F16 /* Frameworks */,
				D000547A1D08480D00E50F16 /* CopyFiles */,
			);
			buildRules = (
			);
			dependencies = (
			);
			name = NeuralNet_MNIST;
			productName = NeuralNet_MNIST;
			productReference = D000547C1D08480D00E50F16 /* NeuralNet_MNIST */;
			productType = "com.apple.product-type.tool";
		};
/* End PBXNativeTarget section */

/* Begin PBXProject section */
		D00054741D08480D00E50F16 /* Project object */ = {
			isa = PBXProject;
			attributes = {
				LastUpgradeCheck = 0730;
				ORGANIZATIONNAME = Peter;
				TargetAttributes = {
					D000547B1D08480D00E50F16 = {
						CreatedOnToolsVersion = 7.3.1;
					};
				};
			};
			buildConfigurationList = D00054771D08480D00E50F16 /* Build configuration list for PBXProject "NeuralNet_MNIST" */;
			compatibilityVersion = "Xcode 3.2";
			developmentRegion = English;
			hasScannedForEncodings = 0;
			knownRegions = (
				en,
			);
			mainGroup = D00054731D08480D00E50F16;
			productRefGroup = D000547D1D08480D00E50F16 /* Products */;
			projectDirPath = "";
			projectRoot = "";
			targets = (
				D000547B1D08480D00E50F16 /* NeuralNet_MNIST */,
			);
		};
/* End PBXProject section */

/* Begin PBXSourcesBuildPhase section */
		D00054781D08480D00E50F16 /* Sources */ = {
			isa = PBXSourcesBuildPhase;
			buildActionMask = 2147483647;
			files = (
				D000548C1D08483200E50F16 /* basicApp.cpp in Sources */,
			);
			runOnlyForDeploymentPostprocessing = 0;
		};
/* End PBXSourcesBuildPhase section */

/* Begin XCBuildConfiguration section */
		D00054811D08480D00E50F16 /* Debug */ = {
			isa = XCBuildConfiguration;
			buildSettings = {
				ALWAYS_SEARCH_USER_PATHS = NO;
				CLANG_ANALYZER_NONNULL = YES;
				CLANG_CXX_LANGUAGE_STANDARD = "gnu++0x";
				CLANG_CXX_LIBRARY = "libc++";
				CLANG_ENABLE_MODULES = YES;
				CLANG_ENABLE_OBJC_ARC = YES;
				CLANG_WARN_BOOL_CONVERSION = YES;
				CLANG_WARN_CONSTANT_CONVERSION = YES;
				CLANG_WARN_DIRECT_OBJC_ISA_USAGE = YES_ERROR;
				CLANG_WARN_EMPTY_BODY = YES;
				CLANG_WARN_ENUM_CONVERSION = YES;
				CLANG_WARN_INT_CONVERSION = YES;
				CLANG_WARN_OBJC_ROOT_CLASS = YES_ERROR;
				CLANG_WARN_UNREACHABLE_CODE = YES;
				CLANG_WARN__DUPLICATE_METHOD_MATCH = YES;
				CODE_SIGN_IDENTITY = "-";
				COPY_PHASE_STRIP = NO;
				DEBUG_INFORMATION_FORMAT = dwarf;
				ENABLE_STRICT_OBJC_MSGSEND = YES;
				ENABLE_TESTABILITY = YES;
				GCC_C_LANGUAGE_STANDARD = gnu99;
				GCC_DYNAMIC_NO_PIC = NO;
				GCC_NO_COMMON_BLOCKS = YES;
				GCC_OPTIMIZATION_LEVEL = 0;
				GCC_PREPROCESSOR_DEFINITIONS = (
					"DEBUG=1",
					"$(inherited)",
				);
				GCC_WARN_64_TO_32_BIT_CONVERSION = YES;
				GCC_WARN_ABOUT_RETURN_TYPE = YES_ERROR;
				GCC_WARN_UNDECLARED_SELECTOR = YES;
				GCC_WARN_UNINITIALIZED_AUTOS = YES_AGGRESSIVE;
				GCC_WARN_UNUSED_FUNCTION = YES;
				GCC_WARN_UNUSED_VARIABLE = YES;
				MACOSX_DEPLOYMENT_TARGET = 10.11;
				MTL_ENABLE_DEBUG_INFO = YES;
				ONLY_ACTIVE_ARCH = YES;
				SDKROOT = macosx;
			};
			name = Debug;
		};
		D00054821D08480D00E50F16 /* Release */ = {
			isa = XCBuildConfiguration;
			buildSettings = {
				ALWAYS_SEARCH_USER_PATHS = NO;
				CLANG_ANALYZER_NONNULL = YES;
				CLANG_CXX_LANGUAGE_STANDARD = "gnu++0x";
				CLANG_CXX_LIBRARY = "libc++";
				CLANG_ENABLE_MODULES = YES;
				CLANG_ENABLE_OBJC_ARC = YES;
				CLANG_WARN_BOOL_CONVERSION = YES;
				CLANG_WARN_CONSTANT_CONVERSION = YES;
				CLANG_WARN_DIRECT_OBJC_ISA_USAGE = YES_ERROR;
				CLANG_WARN_EMPTY_BODY = YES;
				CLANG_WARN_ENUM_CONVERSION = YES;
				CLANG_WARN_INT_CONVERSION = YES;
				CLANG_WARN_OBJC_ROOT_CLASS = YES_ERROR;
				CLANG_WARN_UNREACHABLE_CODE = YES;
				CLANG_WARN__DUPLICATE_METHOD_MATCH = YES;
				CODE_SIGN_IDENTITY = "-";
				COPY_PHASE_STRIP = NO;
				DEBUG_INFORMATION_FORMAT = "dwarf-with-dsym";
				ENABLE_NS_ASSERTIONS = NO;
				ENABLE_STRICT_OBJC_MSGSEND = YES;
				GCC_C_LANGUAGE_STANDARD = gnu99;
				GCC_NO_COMMON_BLOCKS = YES;
				GCC_WARN_64_TO_32_BIT_CONVERSION = YES;
				GCC_WARN_ABOUT_RETURN_TYPE = YES_ERROR;
				GCC_WARN_UNDECLARED_SELECTOR = YES;
				GCC_WARN_UNINITIALIZED_AUTOS = YES_AGGRESSIVE;
				GCC_WARN_UNUSED_FUNCTION = YES;
				GCC_WARN_UNUSED_VARIABLE = YES;
				MACOSX_DEPLOYMENT_TARGET = 10.11;
				MTL_ENABLE_DEBUG_INFO = NO;
				SDKROOT = macosx;
			};
			name = Release;
		};
		D00054841D08480D00E50F16 /* Debug */ = {
			isa = XCBuildConfiguration;
			buildSettings = {
				CLANG_CXX_LANGUAGE_STANDARD = "c++14";
				GCC_OPTIMIZATION_LEVEL = s;
				PRODUCT_NAME = "$(TARGET_NAME)";
			};
			name = Debug;
		};
		D00054851D08480D00E50F16 /* Release */ = {
			isa = XCBuildConfiguration;
			buildSettings = {
				CLANG_CXX_LANGUAGE_STANDARD = "c++14";
				GCC_OPTIMIZATION_LEVEL = s;
				PRODUCT_NAME = "$(TARGET_NAME)";
			};
			name = Release;
		};
/* End XCBuildConfiguration section */

/* Begin XCConfigurationList section */
		D00054771D08480D00E50F16 /* Build configuration list for PBXProject "NeuralNet_MNIST" */ = {
			isa = XCConfigurationList;
			buildConfigurations = (
				D00054811D08480D00E50F16 /* Debug */,
				D00054821D08480D00E50F16 /* Release */,
			);
			defaultConfigurationIsVisible = 0;
			defaultConfigurationName = Release;
		};
		D00054831D08480D00E50F16 /* Build configuration list for PBXNativeTarget "NeuralNet_MNIST" */ = {
			isa = XCConfigurationList;
			buildConfigurations = (
				D00054841D08480D00E50F16 /* Debug */,
				D00054851D08480D00E50F16 /* Release */,
			);
			defaultConfigurationIsVisible = 0;
			defaultConfigurationName = Release;
		};
/* End XCConfigurationList section */
	};
	rootObject = D00054741D08480D00E50F16 /* Project object */;
}
